
Microsoft Visual Studio Solution File, Format Version 12.00
# Visual Studio Version 17
VisualStudioVersion = 17.7.34202.233
MinimumVisualStudioVersion = 10.0.40219.1
Project("{8BC9CEB8-8B4A-11D0-8D11-00A0C91BC942}") = "OS06_03", "OS06_03\OS06_03.vcxproj", "{61116E31-09AD-4E16-B0A4-BEB629974FDB}"
EndProject
Project("{8BC9CEB8-8B4A-11D0-8D11-00A0C91BC942}") = "OS06_03A", "OS06_03A\OS06_03A.vcxproj", "{83A26D4D-F0F4-4460-93B3-C603E4291735}"
EndProject
Project("{8BC9CEB8-8B4A-11D0-8D11-00A0C91BC942}") = "OS06_03B", "OS06_03B\OS06_03B.vcxproj", "{BC0EB674-7FE6-44B0-B6EB-5F12531F9DE8}"
EndProject
Project("{8BC9CEB8-8B4A-11D0-8D11-00A0C91BC942}") = "OS06_04", "OS06_04\OS06_04.vcxproj", "{45798A95-6EFD-4868-9B15-02E573A15248}"
EndProject
Project("{8BC9CEB8-8B4A-11D0-8D11-00A0C91BC942}") = "OS06_04A", "OS06_04A\OS06_04A.vcxproj", "{772AAA73-6BD9-4FB9-93FD-B44F87DAFC8D}"
EndProject
Project("{8BC9CEB8-8B4A-11D0-8D11-00A0C91BC942}") = "OS06_04B", "OS06_04B\OS06_04B.vcxproj", "{C10F1629-7713-4EC1-8B89-4198757C9760}"
EndProject
Project("{8BC9CEB8-8B4A-11D0-8D11-00A0C91BC942}") = "OS06_05", "OS06_05\OS06_05.vcxproj", "{BFB8C063-985A-496A-AF69-21457A656AC3}"
EndProject
Project("{8BC9CEB8-8B4A-11D0-8D11-00A0C91BC942}") = "OS06_05A", "OS06_05A\OS06_05A.vcxproj", "{5DB05905-85AD-4AB0-88F4-9A7AB24CA14F}"
EndProject
Project("{8BC9CEB8-8B4A-11D0-8D11-00A0C91BC942}") = "OS06_05B", "OS06_05B\OS06_05B.vcxproj", "{6492154E-7758-4022-9FBC-F9680C95CA61}"
EndProject
Global
	GlobalSection(SolutionConfigurationPlatforms) = preSolution
		Debug|x64 = Debug|x64
		Debug|x86 = Debug|x86
		Release|x64 = Release|x64
		Release|x86 = Release|x86
	EndGlobalSection
	GlobalSection(ProjectConfigurationPlatforms) = postSolution
		{61116E31-09AD-4E16-B0A4-BEB629974FDB}.Debug|x64.ActiveCfg = Debug|x64
		{61116E31-09AD-4E16-B0A4-BEB629974FDB}.Debug|x64.Build.0 = Debug|x64
		{61116E31-09AD-4E16-B0A4-BEB629974FDB}.Debug|x86.ActiveCfg = Debug|Win32
		{61116E31-09AD-4E16-B0A4-BEB629974FDB}.Debug|x86.Build.0 = Debug|Win32
		{61116E31-09AD-4E16-B0A4-BEB629974FDB}.Release|x64.ActiveCfg = Release|x64
		{61116E31-09AD-4E16-B0A4-BEB629974FDB}.Release|x64.Build.0 = Release|x64
		{61116E31-09AD-4E16-B0A4-BEB629974FDB}.Release|x86.ActiveCfg = Release|Win32
		{61116E31-09AD-4E16-B0A4-BEB629974FDB}.Release|x86.Build.0 = Release|Win32
		{83A26D4D-F0F4-4460-93B3-C603E4291735}.Debug|x64.ActiveCfg = Debug|x64
		{83A26D4D-F0F4-4460-93B3-C603E4291735}.Debug|x64.Build.0 = Debug|x64
		{83A26D4D-F0F4-4460-93B3-C603E4291735}.Debug|x86.ActiveCfg = Debug|Win32
		{83A26D4D-F0F4-4460-93B3-C603E4291735}.Debug|x86.Build.0 = Debug|Win32
		{83A26D4D-F0F4-4460-93B3-C603E4291735}.Release|x64.ActiveCfg = Release|x64
		{83A26D4D-F0F4-4460-93B3-C603E4291735}.Release|x64.Build.0 = Release|x64
		{83A26D4D-F0F4-4460-93B3-C603E4291735}.Release|x86.ActiveCfg = Release|Win32
		{83A26D4D-F0F4-4460-93B3-C603E4291735}.Release|x86.Build.0 = Release|Win32
		{BC0EB674-7FE6-44B0-B6EB-5F12531F9DE8}.Debug|x64.ActiveCfg = Debug|x64
		{BC0EB674-7FE6-44B0-B6EB-5F12531F9DE8}.Debug|x64.Build.0 = Debug|x64
		{BC0EB674-7FE6-44B0-B6EB-5F12531F9DE8}.Debug|x86.ActiveCfg = Debug|Win32
		{BC0EB674-7FE6-44B0-B6EB-5F12531F9DE8}.Debug|x86.Build.0 = Debug|Win32
		{BC0EB674-7FE6-44B0-B6EB-5F12531F9DE8}.Release|x64.ActiveCfg = Release|x64
		{BC0EB674-7FE6-44B0-B6EB-5F12531F9DE8}.Release|x64.Build.0 = Release|x64
		{BC0EB674-7FE6-44B0-B6EB-5F12531F9DE8}.Release|x86.ActiveCfg = Release|Win32
		{BC0EB674-7FE6-44B0-B6EB-5F12531F9DE8}.Release|x86.Build.0 = Release|Win32
		{45798A95-6EFD-4868-9B15-02E573A15248}.Debug|x64.ActiveCfg = Debug|x64
		{45798A95-6EFD-4868-9B15-02E573A15248}.Debug|x64.Build.0 = Debug|x64
		{45798A95-6EFD-4868-9B15-02E573A15248}.Debug|x86.ActiveCfg = Debug|Win32
		{45798A95-6EFD-4868-9B15-02E573A15248}.Debug|x86.Build.0 = Debug|Win32
		{45798A95-6EFD-4868-9B15-02E573A15248}.Release|x64.ActiveCfg = Release|x64
		{45798A95-6EFD-4868-9B15-02E573A15248}.Release|x64.Build.0 = Release|x64
		{45798A95-6EFD-4868-9B15-02E573A15248}.Release|x86.ActiveCfg = Release|Win32
		{45798A95-6EFD-4868-9B15-02E573A15248}.Release|x86.Build.0 = Release|Win32
		{772AAA73-6BD9-4FB9-93FD-B44F87DAFC8D}.Debug|x64.ActiveCfg = Debug|x64
		{772AAA73-6BD9-4FB9-93FD-B44F87DAFC8D}.Debug|x64.Build.0 = Debug|x64
		{772AAA73-6BD9-4FB9-93FD-B44F87DAFC8D}.Debug|x86.ActiveCfg = Debug|Win32
		{772AAA73-6BD9-4FB9-93FD-B44F87DAFC8D}.Debug|x86.Build.0 = Debug|Win32
		{772AAA73-6BD9-4FB9-93FD-B44F87DAFC8D}.Release|x64.ActiveCfg = Release|x64
		{772AAA73-6BD9-4FB9-93FD-B44F87DAFC8D}.Release|x64.Build.0 = Release|x64
		{772AAA73-6BD9-4FB9-93FD-B44F87DAFC8D}.Release|x86.ActiveCfg = Release|Win32
		{772AAA73-6BD9-4FB9-93FD-B44F87DAFC8D}.Release|x86.Build.0 = Release|Win32
		{C10F1629-7713-4EC1-8B89-4198757C9760}.Debug|x64.ActiveCfg = Debug|x64
		{C10F1629-7713-4EC1-8B89-4198757C9760}.Debug|x64.Build.0 = Debug|x64
		{C10F1629-7713-4EC1-8B89-4198757C9760}.Debug|x86.ActiveCfg = Debug|Win32
		{C10F1629-7713-4EC1-8B89-4198757C9760}.Debug|x86.Build.0 = Debug|Win32
		{C10F1629-7713-4EC1-8B89-4198757C9760}.Release|x64.ActiveCfg = Release|x64
		{C10F1629-7713-4EC1-8B89-4198757C9760}.Release|x64.Build.0 = Release|x64
		{C10F1629-7713-4EC1-8B89-4198757C9760}.Release|x86.ActiveCfg = Release|Win32
		{C10F1629-7713-4EC1-8B89-4198757C9760}.Release|x86.Build.0 = Release|Win32
		{BFB8C063-985A-496A-AF69-21457A656AC3}.Debug|x64.ActiveCfg = Debug|x64
		{BFB8C063-985A-496A-AF69-21457A656AC3}.Debug|x64.Build.0 = Debug|x64
		{BFB8C063-985A-496A-AF69-21457A656AC3}.Debug|x86.ActiveCfg = Debug|Win32
		{BFB8C063-985A-496A-AF69-21457A656AC3}.Debug|x86.Build.0 = Debug|Win32
		{BFB8C063-985A-496A-AF69-21457A656AC3}.Release|x64.ActiveCfg = Release|x64
		{BFB8C063-985A-496A-AF69-21457A656AC3}.Release|x64.Build.0 = Release|x64
		{BFB8C063-985A-496A-AF69-21457A656AC3}.Release|x86.ActiveCfg = Release|Win32
		{BFB8C063-985A-496A-AF69-21457A656AC3}.Release|x86.Build.0 = Release|Win32
		{5DB05905-85AD-4AB0-88F4-9A7AB24CA14F}.Debug|x64.ActiveCfg = Debug|x64
		{5DB05905-85AD-4AB0-88F4-9A7AB24CA14F}.Debug|x64.Build.0 = Debug|x64
		{5DB05905-85AD-4AB0-88F4-9A7AB24CA14F}.Debug|x86.ActiveCfg = Debug|Win32
		{5DB05905-85AD-4AB0-88F4-9A7AB24CA14F}.Debug|x86.Build.0 = Debug|Win32
		{5DB05905-85AD-4AB0-88F4-9A7AB24CA14F}.Release|x64.ActiveCfg = Release|x64
		{5DB05905-85AD-4AB0-88F4-9A7AB24CA14F}.Release|x64.Build.0 = Release|x64
		{5DB05905-85AD-4AB0-88F4-9A7AB24CA14F}.Release|x86.ActiveCfg = Release|Win32
		{5DB05905-85AD-4AB0-88F4-9A7AB24CA14F}.Release|x86.Build.0 = Release|Win32
		{6492154E-7758-4022-9FBC-F9680C95CA61}.Debug|x64.ActiveCfg = Debug|x64
		{6492154E-7758-4022-9FBC-F9680C95CA61}.Debug|x64.Build.0 = Debug|x64
		{6492154E-7758-4022-9FBC-F9680C95CA61}.Debug|x86.ActiveCfg = Debug|Win32
		{6492154E-7758-4022-9FBC-F9680C95CA61}.Debug|x86.Build.0 = Debug|Win32
		{6492154E-7758-4022-9FBC-F9680C95CA61}.Release|x64.ActiveCfg = Release|x64
		{6492154E-7758-4022-9FBC-F9680C95CA61}.Release|x64.Build.0 = Release|x64
		{6492154E-7758-4022-9FBC-F9680C95CA61}.Release|x86.ActiveCfg = Release|Win32
		{6492154E-7758-4022-9FBC-F9680C95CA61}.Release|x86.Build.0 = Release|Win32
	EndGlobalSection
	GlobalSection(SolutionProperties) = preSolution
		HideSolutionNode = FALSE
	EndGlobalSection
	GlobalSection(ExtensibilityGlobals) = postSolution
		SolutionGuid = {A23C08E7-58C3-43DD-AF07-B78DCBB227E0}
	EndGlobalSection
EndGlobal
